
Microsoft Visual Studio Solution File, Format Version 12.00
# Visual Studio Version 16
VisualStudioVersion = 16.0.31205.134
MinimumVisualStudioVersion = 10.0.40219.1
Project("{FAE04EC0-301F-11D3-BF4B-00C04F79EFBC}") = "MbFinalTest", "MbFinalTest\MbFinalTest.csproj", "{A1240DC9-5D39-4355-9F0D-D0725934DDB7}"
EndProject
Global
	GlobalSection(SolutionConfigurationPlatforms) = preSolution
		Debug|Any CPU = Debug|Any CPU
		Release|Any CPU = Release|Any CPU
	EndGlobalSection
	GlobalSection(ProjectConfigurationPlatforms) = postSolution
		{A1240DC9-5D39-4355-9F0D-D0725934DDB7}.Debug|Any CPU.ActiveCfg = Debug|Any CPU
		{A1240DC9-5D39-4355-9F0D-D0725934DDB7}.Debug|Any CPU.Build.0 = Debug|Any CPU
		{A1240DC9-5D39-4355-9F0D-D0725934DDB7}.Release|Any CPU.ActiveCfg = Release|Any CPU
		{A1240DC9-5D39-4355-9F0D-D0725934DDB7}.Release|Any CPU.Build.0 = Release|Any CPU
	EndGlobalSection
	GlobalSection(SolutionProperties) = preSolution
		HideSolutionNode = FALSE
	EndGlobalSection
	GlobalSection(ExtensibilityGlobals) = postSolution
		SolutionGuid = {37F4DF51-F2D2-4F83-9DCA-252E1528A69F}
	EndGlobalSection
EndGlobal
